
Microsoft Visual Studio Solution File, Format Version 12.00
# Visual Studio Version 17
VisualStudioVersion = 17.7.34024.191
MinimumVisualStudioVersion = 10.0.40219.1
Project("{9A19103F-16F7-4668-BE54-9A1E7A4F7556}") = "WeatherApp.Application", "WeatherApp.Application\WeatherApp.Application.csproj", "{A2179851-8AC2-4F9E-A404-06E2EF83844E}"
EndProject
Project("{9A19103F-16F7-4668-BE54-9A1E7A4F7556}") = "WeatherApp.Domain", "WeatherApp.Domain\WeatherApp.Domain.csproj", "{13DEEFDC-E8F8-4AA0-90E3-88D33C17B704}"
EndProject
Project("{2150E333-8FDC-42A3-9474-1A3956D46DE8}") = "src", "src", "{F9862096-5CED-40D5-8A3F-1C6504579060}"
EndProject
Project("{2150E333-8FDC-42A3-9474-1A3956D46DE8}") = "API", "API", "{E2F7B67D-5694-429B-A4F9-AA3C450D8D6F}"
EndProject
Project("{2150E333-8FDC-42A3-9474-1A3956D46DE8}") = "Core", "Core", "{8D5EDEDE-5068-497E-B26C-AB8F889906D7}"
EndProject
Project("{2150E333-8FDC-42A3-9474-1A3956D46DE8}") = "Infrastructure", "Infrastructure", "{2E5AB429-209F-4377-B266-6276719BF12E}"
EndProject
Project("{2150E333-8FDC-42A3-9474-1A3956D46DE8}") = "UI", "UI", "{00C45489-E11E-4755-AD5C-CC13B232EEFA}"
EndProject
Project("{9A19103F-16F7-4668-BE54-9A1E7A4F7556}") = "WeatherApp.Persistence", "WeatherApp.Persistence\WeatherApp.Persistence.csproj", "{28953549-892A-491C-A3F6-0A302C3E9914}"
EndProject
Project("{9A19103F-16F7-4668-BE54-9A1E7A4F7556}") = "WeatherApp.Infrastructure", "WeatherApp.Infrastructure\WeatherApp.Infrastructure.csproj", "{A6AA82BC-67FD-41AB-8595-589A23DDAE5D}"
EndProject
Project("{9A19103F-16F7-4668-BE54-9A1E7A4F7556}") = "WeatherAPP.ManagementAPI", "WeatherAPP.ManagementAPI\WeatherAPP.ManagementAPI.csproj", "{6D94C10E-2721-48E6-B693-3C1B642FCA6B}"
EndProject
Project("{9A19103F-16F7-4668-BE54-9A1E7A4F7556}") = "WeatherApp.ConsoleUI", "WeatherApp.ConsoleUI\WeatherApp.ConsoleUI.csproj", "{2B3C5DF0-F0C6-47D8-8133-55351F13652F}"
EndProject
Project("{2150E333-8FDC-42A3-9474-1A3956D46DE8}") = "Test", "Test", "{84F9471C-E987-45FB-9590-B9875CF7AC4A}"
EndProject
Project("{2150E333-8FDC-42A3-9474-1A3956D46DE8}") = "PDF Generation", "PDF Generation", "{4E46AC28-474B-4DCA-8F0C-46E5657B0F42}"
EndProject
Project("{FAE04EC0-301F-11D3-BF4B-00C04F79EFBC}") = "WeatherApp.Test.PDF", "WeatherApp.Test.PDF\WeatherApp.Test.PDF.csproj", "{46803FB8-0FE3-4D3D-B38F-7DC4E6150604}"
EndProject
Global
	GlobalSection(SolutionConfigurationPlatforms) = preSolution
		Debug|Any CPU = Debug|Any CPU
		Release|Any CPU = Release|Any CPU
	EndGlobalSection
	GlobalSection(ProjectConfigurationPlatforms) = postSolution
		{A2179851-8AC2-4F9E-A404-06E2EF83844E}.Debug|Any CPU.ActiveCfg = Debug|Any CPU
		{A2179851-8AC2-4F9E-A404-06E2EF83844E}.Debug|Any CPU.Build.0 = Debug|Any CPU
		{A2179851-8AC2-4F9E-A404-06E2EF83844E}.Release|Any CPU.ActiveCfg = Release|Any CPU
		{A2179851-8AC2-4F9E-A404-06E2EF83844E}.Release|Any CPU.Build.0 = Release|Any CPU
		{13DEEFDC-E8F8-4AA0-90E3-88D33C17B704}.Debug|Any CPU.ActiveCfg = Debug|Any CPU
		{13DEEFDC-E8F8-4AA0-90E3-88D33C17B704}.Debug|Any CPU.Build.0 = Debug|Any CPU
		{13DEEFDC-E8F8-4AA0-90E3-88D33C17B704}.Release|Any CPU.ActiveCfg = Release|Any CPU
		{13DEEFDC-E8F8-4AA0-90E3-88D33C17B704}.Release|Any CPU.Build.0 = Release|Any CPU
		{28953549-892A-491C-A3F6-0A302C3E9914}.Debug|Any CPU.ActiveCfg = Debug|Any CPU
		{28953549-892A-491C-A3F6-0A302C3E9914}.Debug|Any CPU.Build.0 = Debug|Any CPU
		{28953549-892A-491C-A3F6-0A302C3E9914}.Release|Any CPU.ActiveCfg = Release|Any CPU
		{28953549-892A-491C-A3F6-0A302C3E9914}.Release|Any CPU.Build.0 = Release|Any CPU
		{A6AA82BC-67FD-41AB-8595-589A23DDAE5D}.Debug|Any CPU.ActiveCfg = Debug|Any CPU
		{A6AA82BC-67FD-41AB-8595-589A23DDAE5D}.Debug|Any CPU.Build.0 = Debug|Any CPU
		{A6AA82BC-67FD-41AB-8595-589A23DDAE5D}.Release|Any CPU.ActiveCfg = Release|Any CPU
		{A6AA82BC-67FD-41AB-8595-589A23DDAE5D}.Release|Any CPU.Build.0 = Release|Any CPU
		{6D94C10E-2721-48E6-B693-3C1B642FCA6B}.Debug|Any CPU.ActiveCfg = Debug|Any CPU
		{6D94C10E-2721-48E6-B693-3C1B642FCA6B}.Debug|Any CPU.Build.0 = Debug|Any CPU
		{6D94C10E-2721-48E6-B693-3C1B642FCA6B}.Release|Any CPU.ActiveCfg = Release|Any CPU
		{6D94C10E-2721-48E6-B693-3C1B642FCA6B}.Release|Any CPU.Build.0 = Release|Any CPU
		{2B3C5DF0-F0C6-47D8-8133-55351F13652F}.Debug|Any CPU.ActiveCfg = Debug|Any CPU
		{2B3C5DF0-F0C6-47D8-8133-55351F13652F}.Debug|Any CPU.Build.0 = Debug|Any CPU
		{2B3C5DF0-F0C6-47D8-8133-55351F13652F}.Release|Any CPU.ActiveCfg = Release|Any CPU
		{2B3C5DF0-F0C6-47D8-8133-55351F13652F}.Release|Any CPU.Build.0 = Release|Any CPU
		{46803FB8-0FE3-4D3D-B38F-7DC4E6150604}.Debug|Any CPU.ActiveCfg = Debug|Any CPU
		{46803FB8-0FE3-4D3D-B38F-7DC4E6150604}.Debug|Any CPU.Build.0 = Debug|Any CPU
		{46803FB8-0FE3-4D3D-B38F-7DC4E6150604}.Release|Any CPU.ActiveCfg = Release|Any CPU
		{46803FB8-0FE3-4D3D-B38F-7DC4E6150604}.Release|Any CPU.Build.0 = Release|Any CPU
	EndGlobalSection
	GlobalSection(SolutionProperties) = preSolution
		HideSolutionNode = FALSE
	EndGlobalSection
	GlobalSection(NestedProjects) = preSolution
		{A2179851-8AC2-4F9E-A404-06E2EF83844E} = {8D5EDEDE-5068-497E-B26C-AB8F889906D7}
		{13DEEFDC-E8F8-4AA0-90E3-88D33C17B704} = {8D5EDEDE-5068-497E-B26C-AB8F889906D7}
		{E2F7B67D-5694-429B-A4F9-AA3C450D8D6F} = {F9862096-5CED-40D5-8A3F-1C6504579060}
		{8D5EDEDE-5068-497E-B26C-AB8F889906D7} = {F9862096-5CED-40D5-8A3F-1C6504579060}
		{2E5AB429-209F-4377-B266-6276719BF12E} = {F9862096-5CED-40D5-8A3F-1C6504579060}
		{00C45489-E11E-4755-AD5C-CC13B232EEFA} = {F9862096-5CED-40D5-8A3F-1C6504579060}
		{28953549-892A-491C-A3F6-0A302C3E9914} = {2E5AB429-209F-4377-B266-6276719BF12E}
		{A6AA82BC-67FD-41AB-8595-589A23DDAE5D} = {2E5AB429-209F-4377-B266-6276719BF12E}
		{6D94C10E-2721-48E6-B693-3C1B642FCA6B} = {E2F7B67D-5694-429B-A4F9-AA3C450D8D6F}
		{2B3C5DF0-F0C6-47D8-8133-55351F13652F} = {00C45489-E11E-4755-AD5C-CC13B232EEFA}
		{4E46AC28-474B-4DCA-8F0C-46E5657B0F42} = {84F9471C-E987-45FB-9590-B9875CF7AC4A}
		{46803FB8-0FE3-4D3D-B38F-7DC4E6150604} = {4E46AC28-474B-4DCA-8F0C-46E5657B0F42}
	EndGlobalSection
	GlobalSection(ExtensibilityGlobals) = postSolution
		SolutionGuid = {E17B5970-6032-4BED-804B-DAAEDAE35D43}
	EndGlobalSection
EndGlobal
