
Microsoft Visual Studio Solution File, Format Version 12.00
# Visual Studio Version 17
VisualStudioVersion = 17.7.34024.191
MinimumVisualStudioVersion = 10.0.40219.1
Project("{9A19103F-16F7-4668-BE54-9A1E7A4F7556}") = "WeatherApp", "WeatherApp\WeatherApp.csproj", "{B3695C36-5768-4434-96C0-64F83B26C136}"
EndProject
Project("{9A19103F-16F7-4668-BE54-9A1E7A4F7556}") = "WeatherApp.Pdf", "WeatherApp.Pdf\WeatherApp.Pdf.csproj", "{59C13A6C-41B5-4CF6-894C-FB4B0D558A2A}"
EndProject
Project("{9A19103F-16F7-4668-BE54-9A1E7A4F7556}") = "WeatherApp.Application", "WeatherApp.Application\WeatherApp.Application.csproj", "{A2179851-8AC2-4F9E-A404-06E2EF83844E}"
EndProject
Project("{9A19103F-16F7-4668-BE54-9A1E7A4F7556}") = "WeatherApp.Domain", "WeatherApp.Domain\WeatherApp.Domain.csproj", "{13DEEFDC-E8F8-4AA0-90E3-88D33C17B704}"
EndProject
Project("{9A19103F-16F7-4668-BE54-9A1E7A4F7556}") = "Test.Pdf", "Test.Pdf\Test.Pdf.csproj", "{94AB5B8B-CF88-46C2-87AC-EDB886A9D36F}"
EndProject
Project("{2150E333-8FDC-42A3-9474-1A3956D46DE8}") = "src", "src", "{F9862096-5CED-40D5-8A3F-1C6504579060}"
EndProject
Project("{2150E333-8FDC-42A3-9474-1A3956D46DE8}") = "API", "API", "{E2F7B67D-5694-429B-A4F9-AA3C450D8D6F}"
EndProject
Project("{2150E333-8FDC-42A3-9474-1A3956D46DE8}") = "Core", "Core", "{8D5EDEDE-5068-497E-B26C-AB8F889906D7}"
EndProject
Project("{2150E333-8FDC-42A3-9474-1A3956D46DE8}") = "Infrastructure", "Infrastructure", "{2E5AB429-209F-4377-B266-6276719BF12E}"
EndProject
Project("{2150E333-8FDC-42A3-9474-1A3956D46DE8}") = "UI", "UI", "{00C45489-E11E-4755-AD5C-CC13B232EEFA}"
EndProject
Global
	GlobalSection(SolutionConfigurationPlatforms) = preSolution
		Debug|Any CPU = Debug|Any CPU
		Release|Any CPU = Release|Any CPU
	EndGlobalSection
	GlobalSection(ProjectConfigurationPlatforms) = postSolution
		{B3695C36-5768-4434-96C0-64F83B26C136}.Debug|Any CPU.ActiveCfg = Debug|Any CPU
		{B3695C36-5768-4434-96C0-64F83B26C136}.Debug|Any CPU.Build.0 = Debug|Any CPU
		{B3695C36-5768-4434-96C0-64F83B26C136}.Release|Any CPU.ActiveCfg = Release|Any CPU
		{B3695C36-5768-4434-96C0-64F83B26C136}.Release|Any CPU.Build.0 = Release|Any CPU
		{59C13A6C-41B5-4CF6-894C-FB4B0D558A2A}.Debug|Any CPU.ActiveCfg = Debug|Any CPU
		{59C13A6C-41B5-4CF6-894C-FB4B0D558A2A}.Debug|Any CPU.Build.0 = Debug|Any CPU
		{59C13A6C-41B5-4CF6-894C-FB4B0D558A2A}.Release|Any CPU.ActiveCfg = Release|Any CPU
		{59C13A6C-41B5-4CF6-894C-FB4B0D558A2A}.Release|Any CPU.Build.0 = Release|Any CPU
		{A2179851-8AC2-4F9E-A404-06E2EF83844E}.Debug|Any CPU.ActiveCfg = Debug|Any CPU
		{A2179851-8AC2-4F9E-A404-06E2EF83844E}.Debug|Any CPU.Build.0 = Debug|Any CPU
		{A2179851-8AC2-4F9E-A404-06E2EF83844E}.Release|Any CPU.ActiveCfg = Release|Any CPU
		{A2179851-8AC2-4F9E-A404-06E2EF83844E}.Release|Any CPU.Build.0 = Release|Any CPU
		{13DEEFDC-E8F8-4AA0-90E3-88D33C17B704}.Debug|Any CPU.ActiveCfg = Debug|Any CPU
		{13DEEFDC-E8F8-4AA0-90E3-88D33C17B704}.Debug|Any CPU.Build.0 = Debug|Any CPU
		{13DEEFDC-E8F8-4AA0-90E3-88D33C17B704}.Release|Any CPU.ActiveCfg = Release|Any CPU
		{13DEEFDC-E8F8-4AA0-90E3-88D33C17B704}.Release|Any CPU.Build.0 = Release|Any CPU
		{94AB5B8B-CF88-46C2-87AC-EDB886A9D36F}.Debug|Any CPU.ActiveCfg = Debug|Any CPU
		{94AB5B8B-CF88-46C2-87AC-EDB886A9D36F}.Debug|Any CPU.Build.0 = Debug|Any CPU
		{94AB5B8B-CF88-46C2-87AC-EDB886A9D36F}.Release|Any CPU.ActiveCfg = Release|Any CPU
		{94AB5B8B-CF88-46C2-87AC-EDB886A9D36F}.Release|Any CPU.Build.0 = Release|Any CPU
	EndGlobalSection
	GlobalSection(SolutionProperties) = preSolution
		HideSolutionNode = FALSE
	EndGlobalSection
	GlobalSection(NestedProjects) = preSolution
		{E2F7B67D-5694-429B-A4F9-AA3C450D8D6F} = {F9862096-5CED-40D5-8A3F-1C6504579060}
		{8D5EDEDE-5068-497E-B26C-AB8F889906D7} = {F9862096-5CED-40D5-8A3F-1C6504579060}
		{2E5AB429-209F-4377-B266-6276719BF12E} = {F9862096-5CED-40D5-8A3F-1C6504579060}
		{00C45489-E11E-4755-AD5C-CC13B232EEFA} = {F9862096-5CED-40D5-8A3F-1C6504579060}
	EndGlobalSection
	GlobalSection(ExtensibilityGlobals) = postSolution
		SolutionGuid = {E17B5970-6032-4BED-804B-DAAEDAE35D43}
	EndGlobalSection
EndGlobal
